[[source]]
url = "https://pypi.org/simple"
verify_ssl = true
name = "pypi"

[packages]
py-ecc = "*"
sympy = "*"
web3 = "*"
py-solc = "*"
matplotlib = "*"

[dev-packages]
mypy = "*"
black = "*"
jupyter = "*"
pytest = "*"
pylint = "*"
numpy = "*"
matplotlib = "*"

[requires]
python_version = "3.8"

[pipenv]
allow_prereleases = true
